
Microsoft Visual Studio Solution File, Format Version 12.00
# Visual Studio 15
VisualStudioVersion = 15.0.28307.1927
MinimumVisualStudioVersion = 10.0.40219.1
Project("{FAE04EC0-301F-11D3-BF4B-00C04F79EFBC}") = "IMDB_Rwan", "IMDB_Rwan\IMDB_Rwan.csproj", "{E74683C7-9091-4A57-9BEC-EF182070633A}"
EndProject
Global
	GlobalSection(SolutionConfigurationPlatforms) = preSolution
		Debug|Any CPU = Debug|Any CPU
		Release|Any CPU = Release|Any CPU
	EndGlobalSection
	GlobalSection(ProjectConfigurationPlatforms) = postSolution
		{E74683C7-9091-4A57-9BEC-EF182070633A}.Debug|Any CPU.ActiveCfg = Debug|Any CPU
		{E74683C7-9091-4A57-9BEC-EF182070633A}.Debug|Any CPU.Build.0 = Debug|Any CPU
		{E74683C7-9091-4A57-9BEC-EF182070633A}.Release|Any CPU.ActiveCfg = Release|Any CPU
		{E74683C7-9091-4A57-9BEC-EF182070633A}.Release|Any CPU.Build.0 = Release|Any CPU
	EndGlobalSection
	GlobalSection(SolutionProperties) = preSolution
		HideSolutionNode = FALSE
	EndGlobalSection
	GlobalSection(ExtensibilityGlobals) = postSolution
		SolutionGuid = {CFE0772F-2442-4DEB-A0EC-ACCB8CAF0A3C}
	EndGlobalSection
EndGlobal
